Microsoft Visual Studio Solution File, Format Version 12.00
# Visual Studio Version 17
VisualStudioVersion = 17.5.2.0
MinimumVisualStudioVersion = 10.0.40219.1
Project("{FAE04EC0-301F-11D3-BF4B-00C04F79EFBC}") = "Krtshk", "Krtshk.csproj", "{B43CB1D7-356D-6119-2D72-4480117D8D56}"
EndProject
Global
	GlobalSection(SolutionConfigurationPlatforms) = preSolution
		Debug|Any CPU = Debug|Any CPU
		Release|Any CPU = Release|Any CPU
	EndGlobalSection
	GlobalSection(ProjectConfigurationPlatforms) = postSolution
		{B43CB1D7-356D-6119-2D72-4480117D8D56}.Debug|Any CPU.ActiveCfg = Debug|Any CPU
		{B43CB1D7-356D-6119-2D72-4480117D8D56}.Debug|Any CPU.Build.0 = Debug|Any CPU
		{B43CB1D7-356D-6119-2D72-4480117D8D56}.Release|Any CPU.ActiveCfg = Release|Any CPU
		{B43CB1D7-356D-6119-2D72-4480117D8D56}.Release|Any CPU.Build.0 = Release|Any CPU
	EndGlobalSection
	GlobalSection(SolutionProperties) = preSolution
		HideSolutionNode = FALSE
	EndGlobalSection
	GlobalSection(ExtensibilityGlobals) = postSolution
		SolutionGuid = {6CB27C75-26C8-4CEB-BCBE-47F60F1D7183}
	EndGlobalSection
EndGlobal
